
Microsoft Visual Studio Solution File, Format Version 12.00
# Visual Studio Version 16
VisualStudioVersion = 16.0.33529.622
MinimumVisualStudioVersion = 10.0.40219.1
Project("{F2A71F9B-5D33-465A-A702-920D77279786}") = "My-books", "My-books.fsproj", "{08D0575D-9FE1-4E14-80DF-6F35C24A7EA4}"
EndProject
Global
	GlobalSection(SolutionConfigurationPlatforms) = preSolution
		Debug|Any CPU = Debug|Any CPU
		Release|Any CPU = Release|Any CPU
	EndGlobalSection
	GlobalSection(ProjectConfigurationPlatforms) = postSolution
		{08D0575D-9FE1-4E14-80DF-6F35C24A7EA4}.Debug|Any CPU.ActiveCfg = Debug|Any CPU
		{08D0575D-9FE1-4E14-80DF-6F35C24A7EA4}.Debug|Any CPU.Build.0 = Debug|Any CPU
		{08D0575D-9FE1-4E14-80DF-6F35C24A7EA4}.Release|Any CPU.ActiveCfg = Release|Any CPU
		{08D0575D-9FE1-4E14-80DF-6F35C24A7EA4}.Release|Any CPU.Build.0 = Release|Any CPU
	EndGlobalSection
	GlobalSection(SolutionProperties) = preSolution
		HideSolutionNode = FALSE
	EndGlobalSection
	GlobalSection(ExtensibilityGlobals) = postSolution
		SolutionGuid = {DDEAF014-DC42-4CE4-A5FC-4B17252AF943}
	EndGlobalSection
EndGlobal
